// !$*UTF8*$!
{
	archiveVersion = 1;
	classes = {
	};
	objectVersion = 55;
	objects = {

/* Begin PBXBuildFile section */
		2561476D28888C3E000C1DE7 /* AppDelegate.swift in Sources */ = {isa = PBXBuildFile; fileRef = 2561476C28888C3E000C1DE7 /* AppDelegate.swift */; };
		2561476F28888C3E000C1DE7 /* SceneDelegate.swift in Sources */ = {isa = PBXBuildFile; fileRef = 2561476E28888C3E000C1DE7 /* SceneDelegate.swift */; };
		2561477128888C3E000C1DE7 /* ViewController.swift in Sources */ = {isa = PBXBuildFile; fileRef = 2561477028888C3E000C1DE7 /* ViewController.swift */; };
		2561477428888C3E000C1DE7 /* Main.storyboard in Resources */ = {isa = PBXBuildFile; fileRef = 2561477228888C3E000C1DE7 /* Main.storyboard */; };
		2561477728888C3E000C1DE7 /* Plan.xcdatamodeld in Sources */ = {isa = PBXBuildFile; fileRef = 2561477528888C3E000C1DE7 /* Plan.xcdatamodeld */; };
		2561477928888C41000C1DE7 /* Assets.xcassets in Resources */ = {isa = PBXBuildFile; fileRef = 2561477828888C41000C1DE7 /* Assets.xcassets */; };
		2561477C28888C41000C1DE7 /* LaunchScreen.storyboard in Resources */ = {isa = PBXBuildFile; fileRef = 2561477A28888C41000C1DE7 /* LaunchScreen.storyboard */; };
		2561479128888C41000C1DE7 /* PlanUITests.swift in Sources */ = {isa = PBXBuildFile; fileRef = 2561479028888C41000C1DE7 /* PlanUITests.swift */; };
		2561479328888C41000C1DE7 /* PlanUITestsLaunchTests.swift in Sources */ = {isa = PBXBuildFile; fileRef = 2561479228888C41000C1DE7 /* PlanUITestsLaunchTests.swift */; };
		258C497E288A381A00236388 /* CustomCell.swift in Sources */ = {isa = PBXBuildFile; fileRef = 258C497D288A381A00236388 /* CustomCell.swift */; };
		25E58819288B984700032CC1 /* EntryData.plist in Resources */ = {isa = PBXBuildFile; fileRef = 25E58818288B984700032CC1 /* EntryData.plist */; };
/* End PBXBuildFile section */

/* Begin PBXContainerItemProxy section */
		2561478D28888C41000C1DE7 /* PBXContainerItemProxy */ = {
			isa = PBXContainerItemProxy;
			containerPortal = 2561476128888C3E000C1DE7 /* Project object */;
			proxyType = 1;
			remoteGlobalIDString = 2561476828888C3E000C1DE7;
			remoteInfo = Plan;
		};
/* End PBXContainerItemProxy section */

/* Begin PBXFileReference section */
		2561476928888C3E000C1DE7 /* Plan.app */ = {isa = PBXFileReference; explicitFileType = wrapper.application; includeInIndex = 0; path = Plan.app; sourceTree = BUILT_PRODUCTS_DIR; };
		2561476C28888C3E000C1DE7 /* AppDelegate.swift */ = {isa = PBXFileReference; lastKnownFileType = sourcecode.swift; path = AppDelegate.swift; sourceTree = "<group>"; };
		2561476E28888C3E000C1DE7 /* SceneDelegate.swift */ = {isa = PBXFileReference; lastKnownFileType = sourcecode.swift; path = SceneDelegate.swift; sourceTree = "<group>"; };
		2561477028888C3E000C1DE7 /* ViewController.swift */ = {isa = PBXFileReference; lastKnownFileType = sourcecode.swift; path = ViewController.swift; sourceTree = "<group>"; };
		2561477328888C3E000C1DE7 /* Base */ = {isa = PBXFileReference; lastKnownFileType = file.storyboard; name = Base; path = Base.lproj/Main.storyboard; sourceTree = "<group>"; };
		2561477628888C3E000C1DE7 /* Plan.xcdatamodel */ = {isa = PBXFileReference; lastKnownFileType = wrapper.xcdatamodel; path = Plan.xcdatamodel; sourceTree = "<group>"; };
		2561477828888C41000C1DE7 /* Assets.xcassets */ = {isa = PBXFileReference; lastKnownFileType = folder.assetcatalog; path = Assets.xcassets; sourceTree = "<group>"; };
		2561477B28888C41000C1DE7 /* Base */ = {isa = PBXFileReference; lastKnownFileType = file.storyboard; name = Base; path = Base.lproj/LaunchScreen.storyboard; sourceTree = "<group>"; };
		2561477D28888C41000C1DE7 /* Info.plist */ = {isa = PBXFileReference; lastKnownFileType = text.plist.xml; path = Info.plist; sourceTree = "<group>"; };
		2561478628888C41000C1DE7 /* PlanTests.swift */ = {isa = PBXFileReference; lastKnownFileType = sourcecode.swift; path = PlanTests.swift; sourceTree = "<group>"; };
		2561478C28888C41000C1DE7 /* PlanUITests.xctest */ = {isa = PBXFileReference; explicitFileType = wrapper.cfbundle; includeInIndex = 0; path = PlanUITests.xctest; sourceTree = BUILT_PRODUCTS_DIR; };
		2561479028888C41000C1DE7 /* PlanUITests.swift */ = {isa = PBXFileReference; lastKnownFileType = sourcecode.swift; path = PlanUITests.swift; sourceTree = "<group>"; };
		2561479228888C41000C1DE7 /* PlanUITestsLaunchTests.swift */ = {isa = PBXFileReference; lastKnownFileType = sourcecode.swift; path = PlanUITestsLaunchTests.swift; sourceTree = "<group>"; };
		258C497D288A381A00236388 /* CustomCell.swift */ = {isa = PBXFileReference; lastKnownFileType = sourcecode.swift; path = CustomCell.swift; sourceTree = "<group>"; };
		25E58818288B984700032CC1 /* EntryData.plist */ = {isa = PBXFileReference; lastKnownFileType = text.plist.xml; path = EntryData.plist; sourceTree = "<group>"; };
/* End PBXFileReference section */

/* Begin PBXFrameworksBuildPhase section */
		2561476628888C3E000C1DE7 /* Frameworks */ = {
			isa = PBXFrameworksBuildPhase;
			buildActionMask = 2147483647;
			files = (
			);
			runOnlyForDeploymentPostprocessing = 0;
		};
		2561478928888C41000C1DE7 /* Frameworks */ = {
			isa = PBXFrameworksBuildPhase;
			buildActionMask = 2147483647;
			files = (
			);
			runOnlyForDeploymentPostprocessing = 0;
		};
/* End PBXFrameworksBuildPhase section */

/* Begin PBXGroup section */
		2561476028888C3E000C1DE7 = {
			isa = PBXGroup;
			children = (
				2561476B28888C3E000C1DE7 /* Plan */,
				2561478528888C41000C1DE7 /* PlanTests */,
				2561478F28888C41000C1DE7 /* PlanUITests */,
				2561476A28888C3E000C1DE7 /* Products */,
			);
			sourceTree = "<group>";
		};
		2561476A28888C3E000C1DE7 /* Products */ = {
			isa = PBXGroup;
			children = (
				2561476928888C3E000C1DE7 /* Plan.app */,
				2561478C28888C41000C1DE7 /* PlanUITests.xctest */,
			);
			name = Products;
			sourceTree = "<group>";
		};
		2561476B28888C3E000C1DE7 /* Plan */ = {
			isa = PBXGroup;
			children = (
				2561476C28888C3E000C1DE7 /* AppDelegate.swift */,
				2561476E28888C3E000C1DE7 /* SceneDelegate.swift */,
				2561477028888C3E000C1DE7 /* ViewController.swift */,
				258C497D288A381A00236388 /* CustomCell.swift */,
				2561477228888C3E000C1DE7 /* Main.storyboard */,
				2561477828888C41000C1DE7 /* Assets.xcassets */,
				2561477A28888C41000C1DE7 /* LaunchScreen.storyboard */,
				2561477D28888C41000C1DE7 /* Info.plist */,
				25E58818288B984700032CC1 /* EntryData.plist */,
				2561477528888C3E000C1DE7 /* Plan.xcdatamodeld */,
			);
			path = Plan;
			sourceTree = "<group>";
		};
		2561478528888C41000C1DE7 /* PlanTests */ = {
			isa = PBXGroup;
			children = (
				2561478628888C41000C1DE7 /* PlanTests.swift */,
			);
			path = PlanTests;
			sourceTree = "<group>";
		};
		2561478F28888C41000C1DE7 /* PlanUITests */ = {
			isa = PBXGroup;
			children = (
				2561479028888C41000C1DE7 /* PlanUITests.swift */,
				2561479228888C41000C1DE7 /* PlanUITestsLaunchTests.swift */,
			);
			path = PlanUITests;
			sourceTree = "<group>";
		};
/* End PBXGroup section */

/* Begin PBXNativeTarget section */
		2561476828888C3E000C1DE7 /* Plan */ = {
			isa = PBXNativeTarget;
			buildConfigurationList = 2561479628888C41000C1DE7 /* Build configuration list for PBXNativeTarget "Plan" */;
			buildPhases = (
				2561476528888C3E000C1DE7 /* Sources */,
				2561476628888C3E000C1DE7 /* Frameworks */,
				2561476728888C3E000C1DE7 /* Resources */,
			);
			buildRules = (
			);
			dependencies = (
			);
			name = Plan;
			productName = Plan;
			productReference = 2561476928888C3E000C1DE7 /* Plan.app */;
			productType = "com.apple.product-type.application";
		};
		2561478B28888C41000C1DE7 /* PlanUITests */ = {
			isa = PBXNativeTarget;
			buildConfigurationList = 2561479C28888C41000C1DE7 /* Build configuration list for PBXNativeTarget "PlanUITests" */;
			buildPhases = (
				2561478828888C41000C1DE7 /* Sources */,
				2561478928888C41000C1DE7 /* Frameworks */,
				2561478A28888C41000C1DE7 /* Resources */,
			);
			buildRules = (
			);
			dependencies = (
				2561478E28888C41000C1DE7 /* PBXTargetDependency */,
			);
			name = PlanUITests;
			productName = PlanUITests;
			productReference = 2561478C28888C41000C1DE7 /* PlanUITests.xctest */;
			productType = "com.apple.product-type.bundle.ui-testing";
		};
/* End PBXNativeTarget section */

/* Begin PBXProject section */
		2561476128888C3E000C1DE7 /* Project object */ = {
			isa = PBXProject;
			attributes = {
				BuildIndependentTargetsInParallel = 1;
				LastSwiftUpdateCheck = 1340;
				LastUpgradeCheck = 1340;
				TargetAttributes = {
					2561476828888C3E000C1DE7 = {
						CreatedOnToolsVersion = 13.4.1;
					};
					2561478B28888C41000C1DE7 = {
						CreatedOnToolsVersion = 13.4.1;
						TestTargetID = 2561476828888C3E000C1DE7;
					};
				};
			};
			buildConfigurationList = 2561476428888C3E000C1DE7 /* Build configuration list for PBXProject "Plan" */;
			compatibilityVersion = "Xcode 13.0";
			developmentRegion = en;
			hasScannedForEncodings = 0;
			knownRegions = (
				en,
				Base,
			);
			mainGroup = 2561476028888C3E000C1DE7;
			productRefGroup = 2561476A28888C3E000C1DE7 /* Products */;
			projectDirPath = "";
			projectRoot = "";
			targets = (
				2561476828888C3E000C1DE7 /* Plan */,
				2561478B28888C41000C1DE7 /* PlanUITests */,
			);
		};
/* End PBXProject section */

/* Begin PBXResourcesBuildPhase section */
		2561476728888C3E000C1DE7 /* Resources */ = {
			isa = PBXResourcesBuildPhase;
			buildActionMask = 2147483647;
			files = (
				2561477C28888C41000C1DE7 /* LaunchScreen.storyboard in Resources */,
				25E58819288B984700032CC1 /* EntryData.plist in Resources */,
				2561477928888C41000C1DE7 /* Assets.xcassets in Resources */,
				2561477428888C3E000C1DE7 /* Main.storyboard in Resources */,
			);
			runOnlyForDeploymentPostprocessing = 0;
		};
		2561478A28888C41000C1DE7 /* Resources */ = {
			isa = PBXResourcesBuildPhase;
			buildActionMask = 2147483647;
			files = (
			);
			runOnlyForDeploymentPostprocessing = 0;
		};
/* End PBXResourcesBuildPhase section */

/* Begin PBXSourcesBuildPhase section */
		2561476528888C3E000C1DE7 /* Sources */ = {
			isa = PBXSourcesBuildPhase;
			buildActionMask = 2147483647;
			files = (
				2561477728888C3E000C1DE7 /* Plan.xcdatamodeld in Sources */,
				2561477128888C3E000C1DE7 /* ViewController.swift in Sources */,
				258C497E288A381A00236388 /* CustomCell.swift in Sources */,
				2561476D28888C3E000C1DE7 /* AppDelegate.swift in Sources */,
				2561476F28888C3E000C1DE7 /* SceneDelegate.swift in Sources */,
			);
			runOnlyForDeploymentPostprocessing = 0;
		};
		2561478828888C41000C1DE7 /* Sources */ = {
			isa = PBXSourcesBuildPhase;
			buildActionMask = 2147483647;
			files = (
				2561479128888C41000C1DE7 /* PlanUITests.swift in Sources */,
				2561479328888C41000C1DE7 /* PlanUITestsLaunchTests.swift in Sources */,
			);
			runOnlyForDeploymentPostprocessing = 0;
		};
/* End PBXSourcesBuildPhase section */

/* Begin PBXTargetDependency section */
		2561478E28888C41000C1DE7 /* PBXTargetDependency */ = {
			isa = PBXTargetDependency;
			target = 2561476828888C3E000C1DE7 /* Plan */;
			targetProxy = 2561478D28888C41000C1DE7 /* PBXContainerItemProxy */;
		};
/* End PBXTargetDependency section */

/* Begin PBXVariantGroup section */
		2561477228888C3E000C1DE7 /* Main.storyboard */ = {
			isa = PBXVariantGroup;
			children = (
				2561477328888C3E000C1DE7 /* Base */,
			);
			name = Main.storyboard;
			sourceTree = "<group>";
		};
		2561477A28888C41000C1DE7 /* LaunchScreen.storyboard */ = {
			isa = PBXVariantGroup;
			children = (
				2561477B28888C41000C1DE7 /* Base */,
			);
			name = LaunchScreen.storyboard;
			sourceTree = "<group>";
		};
/* End PBXVariantGroup section */

/* Begin XCBuildConfiguration section */
		2561479428888C41000C1DE7 /* Debug */ = {
			isa = XCBuildConfiguration;
			buildSettings = {
				ALWAYS_SEARCH_USER_PATHS = NO;
				CLANG_ANALYZER_NONNULL = YES;
				CLANG_ANALYZER_NUMBER_OBJECT_CONVERSION = YES_AGGRESSIVE;
				CLANG_CXX_LANGUAGE_STANDARD = "gnu++17";
				CLANG_ENABLE_MODULES = YES;
				CLANG_ENABLE_OBJC_ARC = YES;
				CLANG_ENABLE_OBJC_WEAK = YES;
				CLANG_WARN_BLOCK_CAPTURE_AUTORELEASING = YES;
				CLANG_WARN_BOOL_CONVERSION = YES;
				CLANG_WARN_COMMA = YES;
				CLANG_WARN_CONSTANT_CONVERSION = YES;
				CLANG_WARN_DEPRECATED_OBJC_IMPLEMENTATIONS = YES;
				CLANG_WARN_DIRECT_OBJC_ISA_USAGE = YES_ERROR;
				CLANG_WARN_DOCUMENTATION_COMMENTS = YES;
				CLANG_WARN_EMPTY_BODY = YES;
				CLANG_WARN_ENUM_CONVERSION = YES;
				CLANG_WARN_INFINITE_RECURSION = YES;
				CLANG_WARN_INT_CONVERSION = YES;
				CLANG_WARN_NON_LITERAL_NULL_CONVERSION = YES;
				CLANG_WARN_OBJC_IMPLICIT_RETAIN_SELF = YES;
				CLANG_WARN_OBJC_LITERAL_CONVERSION = YES;
				CLANG_WARN_OBJC_ROOT_CLASS = YES_ERROR;
				CLANG_WARN_QUOTED_INCLUDE_IN_FRAMEWORK_HEADER = YES;
				CLANG_WARN_RANGE_LOOP_ANALYSIS = YES;
				CLANG_WARN_STRICT_PROTOTYPES = YES;
				CLANG_WARN_SUSPICIOUS_MOVE = YES;
				CLANG_WARN_UNGUARDED_AVAILABILITY = YES_AGGRESSIVE;
				CLANG_WARN_UNREACHABLE_CODE = YES;
				CLANG_WARN__DUPLICATE_METHOD_MATCH = YES;
				COPY_PHASE_STRIP = NO;
				DEBUG_INFORMATION_FORMAT = dwarf;
				ENABLE_STRICT_OBJC_MSGSEND = YES;
				ENABLE_TESTABILITY = YES;
				GCC_C_LANGUAGE_STANDARD = gnu11;
				GCC_DYNAMIC_NO_PIC = NO;
				GCC_NO_COMMON_BLOCKS = YES;
				GCC_OPTIMIZATION_LEVEL = 0;
				GCC_PREPROCESSOR_DEFINITIONS = (
					"DEBUG=1",
					"$(inherited)",
				);
				GCC_WARN_64_TO_32_BIT_CONVERSION = YES;
				GCC_WARN_ABOUT_RETURN_TYPE = YES_ERROR;
				GCC_WARN_UNDECLARED_SELECTOR = YES;
				GCC_WARN_UNINITIALIZED_AUTOS = YES_AGGRESSIVE;
				GCC_WARN_UNUSED_FUNCTION = YES;
				GCC_WARN_UNUSED_VARIABLE = YES;
				IPHONEOS_DEPLOYMENT_TARGET = 15.5;
				MTL_ENABLE_DEBUG_INFO = INCLUDE_SOURCE;
				MTL_FAST_MATH = YES;
				ONLY_ACTIVE_ARCH = YES;
				SDKROOT = iphoneos;
				SWIFT_ACTIVE_COMPILATION_CONDITIONS = DEBUG;
				SWIFT_OPTIMIZATION_LEVEL = "-Onone";
			};
			name = Debug;
		};
		2561479528888C41000C1DE7 /* Release */ = {
			isa = XCBuildConfiguration;
			buildSettings = {
				ALWAYS_SEARCH_USER_PATHS = NO;
				CLANG_ANALYZER_NONNULL = YES;
				CLANG_ANALYZER_NUMBER_OBJECT_CONVERSION = YES_AGGRESSIVE;
				CLANG_CXX_LANGUAGE_STANDARD = "gnu++17";
				CLANG_ENABLE_MODULES = YES;
				CLANG_ENABLE_OBJC_ARC = YES;
				CLANG_ENABLE_OBJC_WEAK = YES;
				CLANG_WARN_BLOCK_CAPTURE_AUTORELEASING = YES;
				CLANG_WARN_BOOL_CONVERSION = YES;
				CLANG_WARN_COMMA = YES;
				CLANG_WARN_CONSTANT_CONVERSION = YES;
				CLANG_WARN_DEPRECATED_OBJC_IMPLEMENTATIONS = YES;
				CLANG_WARN_DIRECT_OBJC_ISA_USAGE = YES_ERROR;
				CLANG_WARN_DOCUMENTATION_COMMENTS = YES;
				CLANG_WARN_EMPTY_BODY = YES;
				CLANG_WARN_ENUM_CONVERSION = YES;
				CLANG_WARN_INFINITE_RECURSION = YES;
				CLANG_WARN_INT_CONVERSION = YES;
				CLANG_WARN_NON_LITERAL_NULL_CONVERSION = YES;
				CLANG_WARN_OBJC_IMPLICIT_RETAIN_SELF = YES;
				CLANG_WARN_OBJC_LITERAL_CONVERSION = YES;
				CLANG_WARN_OBJC_ROOT_CLASS = YES_ERROR;
				CLANG_WARN_QUOTED_INCLUDE_IN_FRAMEWORK_HEADER = YES;
				CLANG_WARN_RANGE_LOOP_ANALYSIS = YES;
				CLANG_WARN_STRICT_PROTOTYPES = YES;
				CLANG_WARN_SUSPICIOUS_MOVE = YES;
				CLANG_WARN_UNGUARDED_AVAILABILITY = YES_AGGRESSIVE;
				CLANG_WARN_UNREACHABLE_CODE = YES;
				CLANG_WARN__DUPLICATE_METHOD_MATCH = YES;
				COPY_PHASE_STRIP = NO;
				DEBUG_INFORMATION_FORMAT = "dwarf-with-dsym";
				ENABLE_NS_ASSERTIONS = NO;
				ENABLE_STRICT_OBJC_MSGSEND = YES;
				GCC_C_LANGUAGE_STANDARD = gnu11;
				GCC_NO_COMMON_BLOCKS = YES;
				GCC_WARN_64_TO_32_BIT_CONVERSION = YES;
				GCC_WARN_ABOUT_RETURN_TYPE = YES_ERROR;
				GCC_WARN_UNDECLARED_SELECTOR = YES;
				GCC_WARN_UNINITIALIZED_AUTOS = YES_AGGRESSIVE;
				GCC_WARN_UNUSED_FUNCTION = YES;
				GCC_WARN_UNUSED_VARIABLE = YES;
				IPHONEOS_DEPLOYMENT_TARGET = 15.5;
				MTL_ENABLE_DEBUG_INFO = NO;
				MTL_FAST_MATH = YES;
				SDKROOT = iphoneos;
				SWIFT_COMPILATION_MODE = wholemodule;
				SWIFT_OPTIMIZATION_LEVEL = "-O";
				VALIDATE_PRODUCT = YES;
			};
			name = Release;
		};
		2561479728888C41000C1DE7 /* Debug */ = {
			isa = XCBuildConfiguration;
			buildSettings = {
				ASSETCATALOG_COMPILER_APPICON_NAME = AppIcon;
				ASSETCATALOG_COMPILER_GLOBAL_ACCENT_COLOR_NAME = AccentColor;
				CODE_SIGN_STYLE = Automatic;
				CURRENT_PROJECT_VERSION = 1;
				DEVELOPMENT_TEAM = VQDWZL5U2G;
				GENERATE_INFOPLIST_FILE = YES;
				INFOPLIST_FILE = Plan/Info.plist;
				INFOPLIST_KEY_UIApplicationSupportsIndirectInputEvents = YES;
				INFOPLIST_KEY_UILaunchStoryboardName = LaunchScreen;
				INFOPLIST_KEY_UIMainStoryboardFile = Main;
				INFOPLIST_KEY_UISupportedInterfaceOrientations_iPad = "UIInterfaceOrientationPortrait UIInterfaceOrientationPortraitUpsideDown UIInterfaceOrientationLandscapeLeft UIInterfaceOrientationLandscapeRight";
				INFOPLIST_KEY_UISupportedInterfaceOrientations_iPhone = "UIInterfaceOrientationPortrait UIInterfaceOrientationLandscapeLeft UIInterfaceOrientationLandscapeRight";
				LD_RUNPATH_SEARCH_PATHS = (
					"$(inherited)",
					"@executable_path/Frameworks",
				);
				MARKETING_VERSION = 1.0;
				PRODUCT_BUNDLE_IDENTIFIER = "Seth-Ledford.Plan";
				PRODUCT_NAME = "$(TARGET_NAME)";
				SWIFT_EMIT_LOC_STRINGS = YES;
				SWIFT_VERSION = 5.0;
				TARGETED_DEVICE_FAMILY = "1,2";
			};
			name = Debug;
		};
		2561479828888C41000C1DE7 /* Release */ = {
			isa = XCBuildConfiguration;
			buildSettings = {
				ASSETCATALOG_COMPILER_APPICON_NAME = AppIcon;
				ASSETCATALOG_COMPILER_GLOBAL_ACCENT_COLOR_NAME = AccentColor;
				CODE_SIGN_STYLE = Automatic;
				CURRENT_PROJECT_VERSION = 1;
				DEVELOPMENT_TEAM = VQDWZL5U2G;
				GENERATE_INFOPLIST_FILE = YES;
				INFOPLIST_FILE = Plan/Info.plist;
				INFOPLIST_KEY_UIApplicationSupportsIndirectInputEvents = YES;
				INFOPLIST_KEY_UILaunchStoryboardName = LaunchScreen;
				INFOPLIST_KEY_UIMainStoryboardFile = Main;
				INFOPLIST_KEY_UISupportedInterfaceOrientations_iPad = "UIInterfaceOrientationPortrait UIInterfaceOrientationPortraitUpsideDown UIInterfaceOrientationLandscapeLeft UIInterfaceOrientationLandscapeRight";
				INFOPLIST_KEY_UISupportedInterfaceOrientations_iPhone = "UIInterfaceOrientationPortrait UIInterfaceOrientationLandscapeLeft UIInterfaceOrientationLandscapeRight";
				LD_RUNPATH_SEARCH_PATHS = (
					"$(inherited)",
					"@executable_path/Frameworks",
				);
				MARKETING_VERSION = 1.0;
				PRODUCT_BUNDLE_IDENTIFIER = "Seth-Ledford.Plan";
				PRODUCT_NAME = "$(TARGET_NAME)";
				SWIFT_EMIT_LOC_STRINGS = YES;
				SWIFT_VERSION = 5.0;
				TARGETED_DEVICE_FAMILY = "1,2";
			};
			name = Release;
		};
		2561479D28888C41000C1DE7 /* Debug */ = {
			isa = XCBuildConfiguration;
			buildSettings = {
				ALWAYS_EMBED_SWIFT_STANDARD_LIBRARIES = YES;
				CODE_SIGN_STYLE = Automatic;
				CURRENT_PROJECT_VERSION = 1;
				GENERATE_INFOPLIST_FILE = YES;
				MARKETING_VERSION = 1.0;
				PRODUCT_BUNDLE_IDENTIFIER = "Seth-Ledford.PlanUITests";
				PRODUCT_NAME = "$(TARGET_NAME)";
				SWIFT_EMIT_LOC_STRINGS = NO;
				SWIFT_VERSION = 5.0;
				TARGETED_DEVICE_FAMILY = "1,2";
				TEST_TARGET_NAME = Plan;
			};
			name = Debug;
		};
		2561479E28888C41000C1DE7 /* Release */ = {
			isa = XCBuildConfiguration;
			buildSettings = {
				ALWAYS_EMBED_SWIFT_STANDARD_LIBRARIES = YES;
				CODE_SIGN_STYLE = Automatic;
				CURRENT_PROJECT_VERSION = 1;
				GENERATE_INFOPLIST_FILE = YES;
				MARKETING_VERSION = 1.0;
				PRODUCT_BUNDLE_IDENTIFIER = "Seth-Ledford.PlanUITests";
				PRODUCT_NAME = "$(TARGET_NAME)";
				SWIFT_EMIT_LOC_STRINGS = NO;
				SWIFT_VERSION = 5.0;
				TARGETED_DEVICE_FAMILY = "1,2";
				TEST_TARGET_NAME = Plan;
			};
			name = Release;
		};
/* End XCBuildConfiguration section */

/* Begin XCConfigurationList section */
		2561476428888C3E000C1DE7 /* Build configuration list for PBXProject "Plan" */ = {
			isa = XCConfigurationList;
			buildConfigurations = (
				2561479428888C41000C1DE7 /* Debug */,
				2561479528888C41000C1DE7 /* Release */,
			);
			defaultConfigurationIsVisible = 0;
			defaultConfigurationName = Release;
		};
		2561479628888C41000C1DE7 /* Build configuration list for PBXNativeTarget "Plan" */ = {
			isa = XCConfigurationList;
			buildConfigurations = (
				2561479728888C41000C1DE7 /* Debug */,
				2561479828888C41000C1DE7 /* Release */,
			);
			defaultConfigurationIsVisible = 0;
			defaultConfigurationName = Release;
		};
		2561479C28888C41000C1DE7 /* Build configuration list for PBXNativeTarget "PlanUITests" */ = {
			isa = XCConfigurationList;
			buildConfigurations = (
				2561479D28888C41000C1DE7 /* Debug */,
				2561479E28888C41000C1DE7 /* Release */,
			);
			defaultConfigurationIsVisible = 0;
			defaultConfigurationName = Release;
		};
/* End XCConfigurationList section */

/* Begin XCVersionGroup section */
		2561477528888C3E000C1DE7 /* Plan.xcdatamodeld */ = {
			isa = XCVersionGroup;
			children = (
				2561477628888C3E000C1DE7 /* Plan.xcdatamodel */,
			);
			currentVersion = 2561477628888C3E000C1DE7 /* Plan.xcdatamodel */;
			path = Plan.xcdatamodeld;
			sourceTree = "<group>";
			versionGroupType = wrapper.xcdatamodel;
		};
/* End XCVersionGroup section */
	};
	rootObject = 2561476128888C3E000C1DE7 /* Project object */;
}
